// !$*UTF8*$!
{
	archiveVersion = 1;
	classes = {
	};
	objectVersion = 46;
	objects = {

/* Begin PBXBuildFile section */
		25D0E83E9E73AB841CC64A5E /* libPods-iBreezee2Tests.a in Frameworks */ = {isa = PBXBuildFile; fileRef = 009BB953890CCDE103151479 /* libPods-iBreezee2Tests.a */; };
		BAC71023B170D778E162AC88 /* libPods-iBreezee2.a in Frameworks */ = {isa = PBXBuildFile; fileRef = FA5EC2B2C165B5EEDC6BCA88 /* libPods-iBreezee2.a */; };
		D008A9261F3B5D3100D63CD2 /* main.m in Sources */ = {isa = PBXBuildFile; fileRef = D008A9251F3B5D3100D63CD2 /* main.m */; };
		D008A9291F3B5D3100D63CD2 /* AppDelegate.m in Sources */ = {isa = PBXBuildFile; fileRef = D008A9281F3B5D3100D63CD2 /* AppDelegate.m */; };
		D008A92F1F3B5D3100D63CD2 /* Main.storyboard in Resources */ = {isa = PBXBuildFile; fileRef = D008A92D1F3B5D3100D63CD2 /* Main.storyboard */; };
		D008A9311F3B5D3100D63CD2 /* Assets.xcassets in Resources */ = {isa = PBXBuildFile; fileRef = D008A9301F3B5D3100D63CD2 /* Assets.xcassets */; };
		D008A9341F3B5D3100D63CD2 /* LaunchScreen.storyboard in Resources */ = {isa = PBXBuildFile; fileRef = D008A9321F3B5D3100D63CD2 /* LaunchScreen.storyboard */; };
		D008A93F1F3B5D3100D63CD2 /* iBreezee2Tests.m in Sources */ = {isa = PBXBuildFile; fileRef = D008A93E1F3B5D3100D63CD2 /* iBreezee2Tests.m */; };
		D008A94A1F3B5D3100D63CD2 /* iBreezee2UITests.m in Sources */ = {isa = PBXBuildFile; fileRef = D008A9491F3B5D3100D63CD2 /* iBreezee2UITests.m */; };
		D008A96B1F3B659700D63CD2 /* UIView+MIRXib.m in Sources */ = {isa = PBXBuildFile; fileRef = D008A96A1F3B659700D63CD2 /* UIView+MIRXib.m */; };
		D008A96E1F3B662400D63CD2 /* UIView+MIRCornerRadius.m in Sources */ = {isa = PBXBuildFile; fileRef = D008A96D1F3B662400D63CD2 /* UIView+MIRCornerRadius.m */; };
		D008A9721F3B68FC00D63CD2 /* MIRSystemAlert.m in Sources */ = {isa = PBXBuildFile; fileRef = D008A9711F3B68FC00D63CD2 /* MIRSystemAlert.m */; };
		D04851AD1F566A6300551B16 /* TestViewController.m in Sources */ = {isa = PBXBuildFile; fileRef = D04851AC1F566A6300551B16 /* TestViewController.m */; };
		D068291D1F5694480082F10A /* TestView.m in Sources */ = {isa = PBXBuildFile; fileRef = D068291C1F5694480082F10A /* TestView.m */; };
		D06C6EB91F501B2A004B3CC0 /* AppStoreInfoModel.m in Sources */ = {isa = PBXBuildFile; fileRef = D06C6EB61F501B2A004B3CC0 /* AppStoreInfoModel.m */; };
		D06C6EBA1F501B2A004B3CC0 /* NewEditionTestManager.m in Sources */ = {isa = PBXBuildFile; fileRef = D06C6EB81F501B2A004B3CC0 /* NewEditionTestManager.m */; };
		D06C6EBD1F501B6C004B3CC0 /* UIBezierPath+LxThroughPointsBezier.m in Sources */ = {isa = PBXBuildFile; fileRef = D06C6EBC1F501B6C004B3CC0 /* UIBezierPath+LxThroughPointsBezier.m */; };
		D06C6EC01F501B9B004B3CC0 /* UILabel+DigitalAnimation.m in Sources */ = {isa = PBXBuildFile; fileRef = D06C6EBF1F501B9B004B3CC0 /* UILabel+DigitalAnimation.m */; };
		D06C6EC61F501C69004B3CC0 /* DAConfig.m in Sources */ = {isa = PBXBuildFile; fileRef = D06C6EC31F501C69004B3CC0 /* DAConfig.m */; };
		D06C6EC71F501C69004B3CC0 /* NSBundle+DAUtils.m in Sources */ = {isa = PBXBuildFile; fileRef = D06C6EC51F501C69004B3CC0 /* NSBundle+DAUtils.m */; };
		D06C6ECD1F501D1F004B3CC0 /* TJHButtonCountingDownManager.m in Sources */ = {isa = PBXBuildFile; fileRef = D06C6ECA1F501D1F004B3CC0 /* TJHButtonCountingDownManager.m */; };
		D06C6ECE1F501D1F004B3CC0 /* TJHCaptcheButton.m in Sources */ = {isa = PBXBuildFile; fileRef = D06C6ECC1F501D1F004B3CC0 /* TJHCaptcheButton.m */; };
		D06C6ED31F501DCA004B3CC0 /* GCDAsyncSocket.m in Sources */ = {isa = PBXBuildFile; fileRef = D06C6ED21F501DCA004B3CC0 /* GCDAsyncSocket.m */; };
		D06C6ED61F501DDC004B3CC0 /* FXBlurView.m in Sources */ = {isa = PBXBuildFile; fileRef = D06C6ED51F501DDC004B3CC0 /* FXBlurView.m */; };
		D06C6EE11F501EA4004B3CC0 /* GCDGroup.m in Sources */ = {isa = PBXBuildFile; fileRef = D06C6EDA1F501EA4004B3CC0 /* GCDGroup.m */; };
		D06C6EE21F501EA4004B3CC0 /* GCDQueue.m in Sources */ = {isa = PBXBuildFile; fileRef = D06C6EDC1F501EA4004B3CC0 /* GCDQueue.m */; };
		D06C6EE31F501EA4004B3CC0 /* GCDSemaphore.m in Sources */ = {isa = PBXBuildFile; fileRef = D06C6EDE1F501EA4004B3CC0 /* GCDSemaphore.m */; };
		D06C6EE41F501EA4004B3CC0 /* GCDTimer.m in Sources */ = {isa = PBXBuildFile; fileRef = D06C6EE01F501EA4004B3CC0 /* GCDTimer.m */; };
		D06C6EEA1F501EAC004B3CC0 /* Easing.c in Sources */ = {isa = PBXBuildFile; fileRef = D06C6EE61F501EAC004B3CC0 /* Easing.c */; };
		D06C6EEB1F501EAC004B3CC0 /* YXEasing.m in Sources */ = {isa = PBXBuildFile; fileRef = D06C6EE91F501EAC004B3CC0 /* YXEasing.m */; };
		FB7B81D1FEB07044C354C7E7 /* libPods-iBreezee2UITests.a in Frameworks */ = {isa = PBXBuildFile; fileRef = 0BAF78996C09CCEB717B55BA /* libPods-iBreezee2UITests.a */; };
/* End PBXBuildFile section */

/* Begin PBXContainerItemProxy section */
		D008A93B1F3B5D3100D63CD2 /* PBXContainerItemProxy */ = {
			isa = PBXContainerItemProxy;
			containerPortal = D008A9191F3B5D3100D63CD2 /* Project object */;
			proxyType = 1;
			remoteGlobalIDString = D008A9201F3B5D3100D63CD2;
			remoteInfo = iBreezee2;
		};
		D008A9461F3B5D3100D63CD2 /* PBXContainerItemProxy */ = {
			isa = PBXContainerItemProxy;
			containerPortal = D008A9191F3B5D3100D63CD2 /* Project object */;
			proxyType = 1;
			remoteGlobalIDString = D008A9201F3B5D3100D63CD2;
			remoteInfo = iBreezee2;
		};
/* End PBXContainerItemProxy section */

/* Begin PBXFileReference section */
		009BB953890CCDE103151479 /* libPods-iBreezee2Tests.a */ = {isa = PBXFileReference; explicitFileType = archive.ar; includeInIndex = 0; path = "libPods-iBreezee2Tests.a"; sourceTree = BUILT_PRODUCTS_DIR; };
		0BAF78996C09CCEB717B55BA /* libPods-iBreezee2UITests.a */ = {isa = PBXFileReference; explicitFileType = archive.ar; includeInIndex = 0; path = "libPods-iBreezee2UITests.a"; sourceTree = BUILT_PRODUCTS_DIR; };
		178EE13BB97E5BEB59FE35D2 /* Pods-iBreezee2UITests.debug.xcconfig */ = {isa = PBXFileReference; includeInIndex = 1; lastKnownFileType = text.xcconfig; name = "Pods-iBreezee2UITests.debug.xcconfig"; path = "Pods/Target Support Files/Pods-iBreezee2UITests/Pods-iBreezee2UITests.debug.xcconfig"; sourceTree = "<group>"; };
		5B445B5AB93714145CC9491E /* Pods-iBreezee2Tests.release.xcconfig */ = {isa = PBXFileReference; includeInIndex = 1; lastKnownFileType = text.xcconfig; name = "Pods-iBreezee2Tests.release.xcconfig"; path = "Pods/Target Support Files/Pods-iBreezee2Tests/Pods-iBreezee2Tests.release.xcconfig"; sourceTree = "<group>"; };
		8D3782A7D7A7970C6A6C6092 /* Pods-iBreezee2.debug.xcconfig */ = {isa = PBXFileReference; includeInIndex = 1; lastKnownFileType = text.xcconfig; name = "Pods-iBreezee2.debug.xcconfig"; path = "Pods/Target Support Files/Pods-iBreezee2/Pods-iBreezee2.debug.xcconfig"; sourceTree = "<group>"; };
		D008A9211F3B5D3100D63CD2 /* iBreezee2.app */ = {isa = PBXFileReference; explicitFileType = wrapper.application; includeInIndex = 0; path = iBreezee2.app; sourceTree = BUILT_PRODUCTS_DIR; };
		D008A9251F3B5D3100D63CD2 /* main.m */ = {isa = PBXFileReference; lastKnownFileType = sourcecode.c.objc; path = main.m; sourceTree = "<group>"; };
		D008A9271F3B5D3100D63CD2 /* AppDelegate.h */ = {isa = PBXFileReference; lastKnownFileType = sourcecode.c.h; name = AppDelegate.h; path = ../AppDelegate.h; sourceTree = "<group>"; };
		D008A9281F3B5D3100D63CD2 /* AppDelegate.m */ = {isa = PBXFileReference; lastKnownFileType = sourcecode.c.objc; name = AppDelegate.m; path = ../AppDelegate.m; sourceTree = "<group>"; };
		D008A92E1F3B5D3100D63CD2 /* Base */ = {isa = PBXFileReference; lastKnownFileType = file.storyboard; name = Base; path = Base.lproj/Main.storyboard; sourceTree = "<group>"; };
		D008A9301F3B5D3100D63CD2 /* Assets.xcassets */ = {isa = PBXFileReference; lastKnownFileType = folder.assetcatalog; name = Assets.xcassets; path = ../Assets.xcassets; sourceTree = "<group>"; };
		D008A9331F3B5D3100D63CD2 /* Base */ = {isa = PBXFileReference; lastKnownFileType = file.storyboard; name = Base; path = Base.lproj/LaunchScreen.storyboard; sourceTree = "<group>"; };
		D008A9351F3B5D3100D63CD2 /* Info.plist */ = {isa = PBXFileReference; lastKnownFileType = text.plist.xml; name = Info.plist; path = ../Info.plist; sourceTree = "<group>"; };
		D008A93A1F3B5D3100D63CD2 /* iBreezee2Tests.xctest */ = {isa = PBXFileReference; explicitFileType = wrapper.cfbundle; includeInIndex = 0; path = iBreezee2Tests.xctest; sourceTree = BUILT_PRODUCTS_DIR; };
		D008A93E1F3B5D3100D63CD2 /* iBreezee2Tests.m */ = {isa = PBXFileReference; lastKnownFileType = sourcecode.c.objc; path = iBreezee2Tests.m; sourceTree = "<group>"; };
		D008A9401F3B5D3100D63CD2 /* Info.plist */ = {isa = PBXFileReference; lastKnownFileType = text.plist.xml; path = Info.plist; sourceTree = "<group>"; };
		D008A9451F3B5D3100D63CD2 /* iBreezee2UITests.xctest */ = {isa = PBXFileReference; explicitFileType = wrapper.cfbundle; includeInIndex = 0; path = iBreezee2UITests.xctest; sourceTree = BUILT_PRODUCTS_DIR; };
		D008A9491F3B5D3100D63CD2 /* iBreezee2UITests.m */ = {isa = PBXFileReference; lastKnownFileType = sourcecode.c.objc; path = iBreezee2UITests.m; sourceTree = "<group>"; };
		D008A94B1F3B5D3100D63CD2 /* Info.plist */ = {isa = PBXFileReference; lastKnownFileType = text.plist.xml; path = Info.plist; sourceTree = "<group>"; };
		D008A9661F3B60AA00D63CD2 /* PrefixHeader.pch */ = {isa = PBXFileReference; fileEncoding = 4; lastKnownFileType = sourcecode.c.h; path = PrefixHeader.pch; sourceTree = "<group>"; };
		D008A9671F3B633600D63CD2 /* MIRColorCenter.h */ = {isa = PBXFileReference; fileEncoding = 4; lastKnownFileType = sourcecode.c.h; path = MIRColorCenter.h; sourceTree = "<group>"; };
		D008A9691F3B659700D63CD2 /* UIView+MIRXib.h */ = {isa = PBXFileReference; fileEncoding = 4; lastKnownFileType = sourcecode.c.h; path = "UIView+MIRXib.h"; sourceTree = "<group>"; };
		D008A96A1F3B659700D63CD2 /* UIView+MIRXib.m */ = {isa = PBXFileReference; fileEncoding = 4; lastKnownFileType = sourcecode.c.objc; path = "UIView+MIRXib.m"; sourceTree = "<group>"; };
		D008A96C1F3B662400D63CD2 /* UIView+MIRCornerRadius.h */ = {isa = PBXFileReference; fileEncoding = 4; lastKnownFileType = sourcecode.c.h; path = "UIView+MIRCornerRadius.h"; sourceTree = "<group>"; };
		D008A96D1F3B662400D63CD2 /* UIView+MIRCornerRadius.m */ = {isa = PBXFileReference; fileEncoding = 4; lastKnownFileType = sourcecode.c.objc; path = "UIView+MIRCornerRadius.m"; sourceTree = "<group>"; };
		D008A9701F3B68FC00D63CD2 /* MIRSystemAlert.h */ = {isa = PBXFileReference; fileEncoding = 4; lastKnownFileType = sourcecode.c.h; path = MIRSystemAlert.h; sourceTree = "<group>"; };
		D008A9711F3B68FC00D63CD2 /* MIRSystemAlert.m */ = {isa = PBXFileReference; fileEncoding = 4; lastKnownFileType = sourcecode.c.objc; path = MIRSystemAlert.m; sourceTree = "<group>"; };
		D01D88BD1F3C28EE00E2650C /* MIRGlobalConst.h */ = {isa = PBXFileReference; fileEncoding = 4; lastKnownFileType = sourcecode.c.h; path = MIRGlobalConst.h; sourceTree = "<group>"; };
		D04851AB1F566A6300551B16 /* TestViewController.h */ = {isa = PBXFileReference; fileEncoding = 4; lastKnownFileType = sourcecode.c.h; path = TestViewController.h; sourceTree = "<group>"; };
		D04851AC1F566A6300551B16 /* TestViewController.m */ = {isa = PBXFileReference; fileEncoding = 4; lastKnownFileType = sourcecode.c.objc; path = TestViewController.m; sourceTree = "<group>"; };
		D068291B1F5694480082F10A /* TestView.h */ = {isa = PBXFileReference; fileEncoding = 4; lastKnownFileType = sourcecode.c.h; path = TestView.h; sourceTree = "<group>"; };
		D068291C1F5694480082F10A /* TestView.m */ = {isa = PBXFileReference; fileEncoding = 4; lastKnownFileType = sourcecode.c.objc; path = TestView.m; sourceTree = "<group>"; };
		D06C6EB51F501B2A004B3CC0 /* AppStoreInfoModel.h */ = {isa = PBXFileReference; fileEncoding = 4; lastKnownFileType = sourcecode.c.h; path = AppStoreInfoModel.h; sourceTree = "<group>"; };
		D06C6EB61F501B2A004B3CC0 /* AppStoreInfoModel.m */ = {isa = PBXFileReference; fileEncoding = 4; lastKnownFileType = sourcecode.c.objc; path = AppStoreInfoModel.m; sourceTree = "<group>"; };
		D06C6EB71F501B2A004B3CC0 /* NewEditionTestManager.h */ = {isa = PBXFileReference; fileEncoding = 4; lastKnownFileType = sourcecode.c.h; path = NewEditionTestManager.h; sourceTree = "<group>"; };
		D06C6EB81F501B2A004B3CC0 /* NewEditionTestManager.m */ = {isa = PBXFileReference; fileEncoding = 4; lastKnownFileType = sourcecode.c.objc; path = NewEditionTestManager.m; sourceTree = "<group>"; };
		D06C6EBB1F501B6C004B3CC0 /* UIBezierPath+LxThroughPointsBezier.h */ = {isa = PBXFileReference; fileEncoding = 4; lastKnownFileType = sourcecode.c.h; path = "UIBezierPath+LxThroughPointsBezier.h"; sourceTree = "<group>"; };
		D06C6EBC1F501B6C004B3CC0 /* UIBezierPath+LxThroughPointsBezier.m */ = {isa = PBXFileReference; fileEncoding = 4; lastKnownFileType = sourcecode.c.objc; path = "UIBezierPath+LxThroughPointsBezier.m"; sourceTree = "<group>"; };
		D06C6EBE1F501B9B004B3CC0 /* UILabel+DigitalAnimation.h */ = {isa = PBXFileReference; fileEncoding = 4; lastKnownFileType = sourcecode.c.h; path = "UILabel+DigitalAnimation.h"; sourceTree = "<group>"; };
		D06C6EBF1F501B9B004B3CC0 /* UILabel+DigitalAnimation.m */ = {isa = PBXFileReference; fileEncoding = 4; lastKnownFileType = sourcecode.c.objc; path = "UILabel+DigitalAnimation.m"; sourceTree = "<group>"; };
		D06C6EC21F501C69004B3CC0 /* DAConfig.h */ = {isa = PBXFileReference; fileEncoding = 4; lastKnownFileType = sourcecode.c.h; path = DAConfig.h; sourceTree = "<group>"; };
		D06C6EC31F501C69004B3CC0 /* DAConfig.m */ = {isa = PBXFileReference; fileEncoding = 4; lastKnownFileType = sourcecode.c.objc; path = DAConfig.m; sourceTree = "<group>"; };
		D06C6EC41F501C69004B3CC0 /* NSBundle+DAUtils.h */ = {isa = PBXFileReference; fileEncoding = 4; lastKnownFileType = sourcecode.c.h; path = "NSBundle+DAUtils.h"; sourceTree = "<group>"; };
		D06C6EC51F501C69004B3CC0 /* NSBundle+DAUtils.m */ = {isa = PBXFileReference; fileEncoding = 4; lastKnownFileType = sourcecode.c.objc; path = "NSBundle+DAUtils.m"; sourceTree = "<group>"; };
		D06C6EC91F501D1F004B3CC0 /* TJHButtonCountingDownManager.h */ = {isa = PBXFileReference; fileEncoding = 4; lastKnownFileType = sourcecode.c.h; path = TJHButtonCountingDownManager.h; sourceTree = "<group>"; };
		D06C6ECA1F501D1F004B3CC0 /* TJHButtonCountingDownManager.m */ = {isa = PBXFileReference; fileEncoding = 4; lastKnownFileType = sourcecode.c.objc; path = TJHButtonCountingDownManager.m; sourceTree = "<group>"; };
		D06C6ECB1F501D1F004B3CC0 /* TJHCaptcheButton.h */ = {isa = PBXFileReference; fileEncoding = 4; lastKnownFileType = sourcecode.c.h; path = TJHCaptcheButton.h; sourceTree = "<group>"; };
		D06C6ECC1F501D1F004B3CC0 /* TJHCaptcheButton.m */ = {isa = PBXFileReference; fileEncoding = 4; lastKnownFileType = sourcecode.c.objc; path = TJHCaptcheButton.m; sourceTree = "<group>"; };
		D06C6ED11F501DCA004B3CC0 /* GCDAsyncSocket.h */ = {isa = PBXFileReference; fileEncoding = 4; lastKnownFileType = sourcecode.c.h; path = GCDAsyncSocket.h; sourceTree = "<group>"; };
		D06C6ED21F501DCA004B3CC0 /* GCDAsyncSocket.m */ = {isa = PBXFileReference; fileEncoding = 4; lastKnownFileType = sourcecode.c.objc; path = GCDAsyncSocket.m; sourceTree = "<group>"; };
		D06C6ED41F501DDC004B3CC0 /* FXBlurView.h */ = {isa = PBXFileReference; fileEncoding = 4; lastKnownFileType = sourcecode.c.h; path = FXBlurView.h; sourceTree = "<group>"; };
		D06C6ED51F501DDC004B3CC0 /* FXBlurView.m */ = {isa = PBXFileReference; fileEncoding = 4; lastKnownFileType = sourcecode.c.objc; path = FXBlurView.m; sourceTree = "<group>"; };
		D06C6ED81F501EA4004B3CC0 /* GCD.h */ = {isa = PBXFileReference; fileEncoding = 4; lastKnownFileType = sourcecode.c.h; path = GCD.h; sourceTree = "<group>"; };
		D06C6ED91F501EA4004B3CC0 /* GCDGroup.h */ = {isa = PBXFileReference; fileEncoding = 4; lastKnownFileType = sourcecode.c.h; path = GCDGroup.h; sourceTree = "<group>"; };
		D06C6EDA1F501EA4004B3CC0 /* GCDGroup.m */ = {isa = PBXFileReference; fileEncoding = 4; lastKnownFileType = sourcecode.c.objc; path = GCDGroup.m; sourceTree = "<group>"; };
		D06C6EDB1F501EA4004B3CC0 /* GCDQueue.h */ = {isa = PBXFileReference; fileEncoding = 4; lastKnownFileType = sourcecode.c.h; path = GCDQueue.h; sourceTree = "<group>"; };
		D06C6EDC1F501EA4004B3CC0 /* GCDQueue.m */ = {isa = PBXFileReference; fileEncoding = 4; lastKnownFileType = sourcecode.c.objc; path = GCDQueue.m; sourceTree = "<group>"; };
		D06C6EDD1F501EA4004B3CC0 /* GCDSemaphore.h */ = {isa = PBXFileReference; fileEncoding = 4; lastKnownFileType = sourcecode.c.h; path = GCDSemaphore.h; sourceTree = "<group>"; };
		D06C6EDE1F501EA4004B3CC0 /* GCDSemaphore.m */ = {isa = PBXFileReference; fileEncoding = 4; lastKnownFileType = sourcecode.c.objc; path = GCDSemaphore.m; sourceTree = "<group>"; };
		D06C6EDF1F501EA4004B3CC0 /* GCDTimer.h */ = {isa = PBXFileReference; fileEncoding = 4; lastKnownFileType = sourcecode.c.h; path = GCDTimer.h; sourceTree = "<group>"; };
		D06C6EE01F501EA4004B3CC0 /* GCDTimer.m */ = {isa = PBXFileReference; fileEncoding = 4; lastKnownFileType = sourcecode.c.objc; path = GCDTimer.m; sourceTree = "<group>"; };
		D06C6EE61F501EAC004B3CC0 /* Easing.c */ = {isa = PBXFileReference; fileEncoding = 4; lastKnownFileType = sourcecode.c.c; path = Easing.c; sourceTree = "<group>"; };
		D06C6EE71F501EAC004B3CC0 /* Easing.h */ = {isa = PBXFileReference; fileEncoding = 4; lastKnownFileType = sourcecode.c.h; path = Easing.h; sourceTree = "<group>"; };
		D06C6EE81F501EAC004B3CC0 /* YXEasing.h */ = {isa = PBXFileReference; fileEncoding = 4; lastKnownFileType = sourcecode.c.h; path = YXEasing.h; sourceTree = "<group>"; };
		D06C6EE91F501EAC004B3CC0 /* YXEasing.m */ = {isa = PBXFileReference; fileEncoding = 4; lastKnownFileType = sourcecode.c.objc; path = YXEasing.m; sourceTree = "<group>"; };
		DFDF0F160589506FDD5F7967 /* Pods-iBreezee2UITests.release.xcconfig */ = {isa = PBXFileReference; includeInIndex = 1; lastKnownFileType = text.xcconfig; name = "Pods-iBreezee2UITests.release.xcconfig"; path = "Pods/Target Support Files/Pods-iBreezee2UITests/Pods-iBreezee2UITests.release.xcconfig"; sourceTree = "<group>"; };
		E706ABACD6E13AB1FA7CD13A /* Pods-iBreezee2Tests.debug.xcconfig */ = {isa = PBXFileReference; includeInIndex = 1; lastKnownFileType = text.xcconfig; name = "Pods-iBreezee2Tests.debug.xcconfig"; path = "Pods/Target Support Files/Pods-iBreezee2Tests/Pods-iBreezee2Tests.debug.xcconfig"; sourceTree = "<group>"; };
		E942C8D17574954F14D3C509 /* Pods-iBreezee2.release.xcconfig */ = {isa = PBXFileReference; includeInIndex = 1; lastKnownFileType = text.xcconfig; name = "Pods-iBreezee2.release.xcconfig"; path = "Pods/Target Support Files/Pods-iBreezee2/Pods-iBreezee2.release.xcconfig"; sourceTree = "<group>"; };
		FA5EC2B2C165B5EEDC6BCA88 /* libPods-iBreezee2.a */ = {isa = PBXFileReference; explicitFileType = archive.ar; includeInIndex = 0; path = "libPods-iBreezee2.a"; sourceTree = BUILT_PRODUCTS_DIR; };
/* End PBXFileReference section */

/* Begin PBXFrameworksBuildPhase section */
		D008A91E1F3B5D3100D63CD2 /* Frameworks */ = {
			isa = PBXFrameworksBuildPhase;
			buildActionMask = 2147483647;
			files = (
				BAC71023B170D778E162AC88 /* libPods-iBreezee2.a in Frameworks */,
			);
			runOnlyForDeploymentPostprocessing = 0;
		};
		D008A9371F3B5D3100D63CD2 /* Frameworks */ = {
			isa = PBXFrameworksBuildPhase;
			buildActionMask = 2147483647;
			files = (
				25D0E83E9E73AB841CC64A5E /* libPods-iBreezee2Tests.a in Frameworks */,
			);
			runOnlyForDeploymentPostprocessing = 0;
		};
		D008A9421F3B5D3100D63CD2 /* Frameworks */ = {
			isa = PBXFrameworksBuildPhase;
			buildActionMask = 2147483647;
			files = (
				FB7B81D1FEB07044C354C7E7 /* libPods-iBreezee2UITests.a in Frameworks */,
			);
			runOnlyForDeploymentPostprocessing = 0;
		};
/* End PBXFrameworksBuildPhase section */

/* Begin PBXGroup section */
		2FADC03600FECEE4448C1D4B /* Frameworks */ = {
			isa = PBXGroup;
			children = (
				FA5EC2B2C165B5EEDC6BCA88 /* libPods-iBreezee2.a */,
				009BB953890CCDE103151479 /* libPods-iBreezee2Tests.a */,
				0BAF78996C09CCEB717B55BA /* libPods-iBreezee2UITests.a */,
			);
			name = Frameworks;
			sourceTree = "<group>";
		};
		D008A9181F3B5D3100D63CD2 = {
			isa = PBXGroup;
			children = (
				D008A9231F3B5D3100D63CD2 /* iBreezee2 */,
				D008A93D1F3B5D3100D63CD2 /* iBreezee2Tests */,
				D008A9481F3B5D3100D63CD2 /* iBreezee2UITests */,
				D008A9221F3B5D3100D63CD2 /* Products */,
				EBCDD976599D01717A4DBD0C /* Pods */,
				2FADC03600FECEE4448C1D4B /* Frameworks */,
			);
			sourceTree = "<group>";
		};
		D008A9221F3B5D3100D63CD2 /* Products */ = {
			isa = PBXGroup;
			children = (
				D008A9211F3B5D3100D63CD2 /* iBreezee2.app */,
				D008A93A1F3B5D3100D63CD2 /* iBreezee2Tests.xctest */,
				D008A9451F3B5D3100D63CD2 /* iBreezee2UITests.xctest */,
			);
			name = Products;
			sourceTree = "<group>";
		};
		D008A9231F3B5D3100D63CD2 /* iBreezee2 */ = {
			isa = PBXGroup;
			children = (
				D008A9571F3B5DA800D63CD2 /* AppEntry */,
				D008A95F1F3B5DCB00D63CD2 /* Categories */,
				D008A9601F3B5DCB00D63CD2 /* Config */,
				D008A9611F3B5DCB00D63CD2 /* Features */,
				D008A9621F3B5DCB00D63CD2 /* Helpers */,
				D008A9631F3B5DCB00D63CD2 /* Resources */,
				D008A9641F3B5DCB00D63CD2 /* Utilites */,
				D008A9651F3B5DCB00D63CD2 /* Vendors */,
				D008A9241F3B5D3100D63CD2 /* Supporting Files */,
			);
			path = iBreezee2;
			sourceTree = "<group>";
		};
		D008A9241F3B5D3100D63CD2 /* Supporting Files */ = {
			isa = PBXGroup;
			children = (
				D008A9251F3B5D3100D63CD2 /* main.m */,
			);
			name = "Supporting Files";
			sourceTree = "<group>";
		};
		D008A93D1F3B5D3100D63CD2 /* iBreezee2Tests */ = {
			isa = PBXGroup;
			children = (
				D008A93E1F3B5D3100D63CD2 /* iBreezee2Tests.m */,
				D008A9401F3B5D3100D63CD2 /* Info.plist */,
			);
			path = iBreezee2Tests;
			sourceTree = "<group>";
		};
		D008A9481F3B5D3100D63CD2 /* iBreezee2UITests */ = {
			isa = PBXGroup;
			children = (
				D008A9491F3B5D3100D63CD2 /* iBreezee2UITests.m */,
				D008A94B1F3B5D3100D63CD2 /* Info.plist */,
			);
			path = iBreezee2UITests;
			sourceTree = "<group>";
		};
		D008A9571F3B5DA800D63CD2 /* AppEntry */ = {
			isa = PBXGroup;
			children = (
				D008A9271F3B5D3100D63CD2 /* AppDelegate.h */,
				D008A9281F3B5D3100D63CD2 /* AppDelegate.m */,
				D04851AB1F566A6300551B16 /* TestViewController.h */,
				D04851AC1F566A6300551B16 /* TestViewController.m */,
				D068291B1F5694480082F10A /* TestView.h */,
				D068291C1F5694480082F10A /* TestView.m */,
			);
			path = AppEntry;
			sourceTree = "<group>";
		};
		D008A95F1F3B5DCB00D63CD2 /* Categories */ = {
			isa = PBXGroup;
			children = (
				D008A9691F3B659700D63CD2 /* UIView+MIRXib.h */,
				D008A96A1F3B659700D63CD2 /* UIView+MIRXib.m */,
				D008A96C1F3B662400D63CD2 /* UIView+MIRCornerRadius.h */,
				D008A96D1F3B662400D63CD2 /* UIView+MIRCornerRadius.m */,
				D06C6EBB1F501B6C004B3CC0 /* UIBezierPath+LxThroughPointsBezier.h */,
				D06C6EBC1F501B6C004B3CC0 /* UIBezierPath+LxThroughPointsBezier.m */,
				D06C6EBE1F501B9B004B3CC0 /* UILabel+DigitalAnimation.h */,
				D06C6EBF1F501B9B004B3CC0 /* UILabel+DigitalAnimation.m */,
			);
			path = Categories;
			sourceTree = "<group>";
		};
		D008A9601F3B5DCB00D63CD2 /* Config */ = {
			isa = PBXGroup;
			children = (
				D008A9661F3B60AA00D63CD2 /* PrefixHeader.pch */,
				D008A9671F3B633600D63CD2 /* MIRColorCenter.h */,
				D01D88BD1F3C28EE00E2650C /* MIRGlobalConst.h */,
			);
			path = Config;
			sourceTree = "<group>";
		};
		D008A9611F3B5DCB00D63CD2 /* Features */ = {
			isa = PBXGroup;
			children = (
			);
			path = Features;
			sourceTree = "<group>";
		};
		D008A9621F3B5DCB00D63CD2 /* Helpers */ = {
			isa = PBXGroup;
			children = (
				D008A9701F3B68FC00D63CD2 /* MIRSystemAlert.h */,
				D008A9711F3B68FC00D63CD2 /* MIRSystemAlert.m */,
			);
			path = Helpers;
			sourceTree = "<group>";
		};
		D008A9631F3B5DCB00D63CD2 /* Resources */ = {
			isa = PBXGroup;
			children = (
				D008A92D1F3B5D3100D63CD2 /* Main.storyboard */,
				D008A9301F3B5D3100D63CD2 /* Assets.xcassets */,
				D008A9321F3B5D3100D63CD2 /* LaunchScreen.storyboard */,
				D008A9351F3B5D3100D63CD2 /* Info.plist */,
			);
			path = Resources;
			sourceTree = "<group>";
		};
		D008A9641F3B5DCB00D63CD2 /* Utilites */ = {
			isa = PBXGroup;
			children = (
				D06C6EC11F501C0A004B3CC0 /* Localization */,
				D06C6EB41F501B2A004B3CC0 /* NewEditionCheck */,
			);
			path = Utilites;
			sourceTree = "<group>";
		};
		D008A9651F3B5DCB00D63CD2 /* Vendors */ = {
			isa = PBXGroup;
			children = (
				D06C6EE51F501EAC004B3CC0 /* YXEasing */,
				D06C6ED71F501EA4004B3CC0 /* YXGCD */,
				D06C6ED01F501D97004B3CC0 /* GCDAsyncSocket */,
				D06C6ECF1F501D7B004B3CC0 /* FXBlurView */,
				D06C6EC81F501CF9004B3CC0 /* CountingButton */,
			);
			path = Vendors;
			sourceTree = "<group>";
		};
		D06C6EB41F501B2A004B3CC0 /* NewEditionCheck */ = {
			isa = PBXGroup;
			children = (
				D06C6EB51F501B2A004B3CC0 /* AppStoreInfoModel.h */,
				D06C6EB61F501B2A004B3CC0 /* AppStoreInfoModel.m */,
				D06C6EB71F501B2A004B3CC0 /* NewEditionTestManager.h */,
				D06C6EB81F501B2A004B3CC0 /* NewEditionTestManager.m */,
			);
			path = NewEditionCheck;
			sourceTree = "<group>";
		};
		D06C6EC11F501C0A004B3CC0 /* Localization */ = {
			isa = PBXGroup;
			children = (
				D06C6EC21F501C69004B3CC0 /* DAConfig.h */,
				D06C6EC31F501C69004B3CC0 /* DAConfig.m */,
				D06C6EC41F501C69004B3CC0 /* NSBundle+DAUtils.h */,
				D06C6EC51F501C69004B3CC0 /* NSBundle+DAUtils.m */,
			);
			name = Localization;
			sourceTree = "<group>";
		};
		D06C6EC81F501CF9004B3CC0 /* CountingButton */ = {
			isa = PBXGroup;
			children = (
				D06C6EC91F501D1F004B3CC0 /* TJHButtonCountingDownManager.h */,
				D06C6ECA1F501D1F004B3CC0 /* TJHButtonCountingDownManager.m */,
				D06C6ECB1F501D1F004B3CC0 /* TJHCaptcheButton.h */,
				D06C6ECC1F501D1F004B3CC0 /* TJHCaptcheButton.m */,
			);
			name = CountingButton;
			sourceTree = "<group>";
		};
		D06C6ECF1F501D7B004B3CC0 /* FXBlurView */ = {
			isa = PBXGroup;
			children = (
				D06C6ED41F501DDC004B3CC0 /* FXBlurView.h */,
				D06C6ED51F501DDC004B3CC0 /* FXBlurView.m */,
			);
			name = FXBlurView;
			sourceTree = "<group>";
		};
		D06C6ED01F501D97004B3CC0 /* GCDAsyncSocket */ = {
			isa = PBXGroup;
			children = (
				D06C6ED11F501DCA004B3CC0 /* GCDAsyncSocket.h */,
				D06C6ED21F501DCA004B3CC0 /* GCDAsyncSocket.m */,
			);
			name = GCDAsyncSocket;
			sourceTree = "<group>";
		};
		D06C6ED71F501EA4004B3CC0 /* YXGCD */ = {
			isa = PBXGroup;
			children = (
				D06C6ED81F501EA4004B3CC0 /* GCD.h */,
				D06C6ED91F501EA4004B3CC0 /* GCDGroup.h */,
				D06C6EDA1F501EA4004B3CC0 /* GCDGroup.m */,
				D06C6EDB1F501EA4004B3CC0 /* GCDQueue.h */,
				D06C6EDC1F501EA4004B3CC0 /* GCDQueue.m */,
				D06C6EDD1F501EA4004B3CC0 /* GCDSemaphore.h */,
				D06C6EDE1F501EA4004B3CC0 /* GCDSemaphore.m */,
				D06C6EDF1F501EA4004B3CC0 /* GCDTimer.h */,
				D06C6EE01F501EA4004B3CC0 /* GCDTimer.m */,
			);
			path = YXGCD;
			sourceTree = "<group>";
		};
		D06C6EE51F501EAC004B3CC0 /* YXEasing */ = {
			isa = PBXGroup;
			children = (
				D06C6EE61F501EAC004B3CC0 /* Easing.c */,
				D06C6EE71F501EAC004B3CC0 /* Easing.h */,
				D06C6EE81F501EAC004B3CC0 /* YXEasing.h */,
				D06C6EE91F501EAC004B3CC0 /* YXEasing.m */,
			);
			path = YXEasing;
			sourceTree = "<group>";
		};
		EBCDD976599D01717A4DBD0C /* Pods */ = {
			isa = PBXGroup;
			children = (
				8D3782A7D7A7970C6A6C6092 /* Pods-iBreezee2.debug.xcconfig */,
				E942C8D17574954F14D3C509 /* Pods-iBreezee2.release.xcconfig */,
				E706ABACD6E13AB1FA7CD13A /* Pods-iBreezee2Tests.debug.xcconfig */,
				5B445B5AB93714145CC9491E /* Pods-iBreezee2Tests.release.xcconfig */,
				178EE13BB97E5BEB59FE35D2 /* Pods-iBreezee2UITests.debug.xcconfig */,
				DFDF0F160589506FDD5F7967 /* Pods-iBreezee2UITests.release.xcconfig */,
			);
			name = Pods;
			sourceTree = "<group>";
		};
/* End PBXGroup section */

/* Begin PBXNativeTarget section */
		D008A9201F3B5D3100D63CD2 /* iBreezee2 */ = {
			isa = PBXNativeTarget;
			buildConfigurationList = D008A94E1F3B5D3100D63CD2 /* Build configuration list for PBXNativeTarget "iBreezee2" */;
			buildPhases = (
				4FAEB830793136CC8611BA40 /* [CP] Check Pods Manifest.lock */,
				D008A91D1F3B5D3100D63CD2 /* Sources */,
				D008A91E1F3B5D3100D63CD2 /* Frameworks */,
				D008A91F1F3B5D3100D63CD2 /* Resources */,
				9A45B610979CCEE4EA1D0A1C /* [CP] Embed Pods Frameworks */,
				E8A40A6C4831F3A90B689D02 /* [CP] Copy Pods Resources */,
			);
			buildRules = (
			);
			dependencies = (
			);
			name = iBreezee2;
			productName = iBreezee2;
			productReference = D008A9211F3B5D3100D63CD2 /* iBreezee2.app */;
			productType = "com.apple.product-type.application";
		};
		D008A9391F3B5D3100D63CD2 /* iBreezee2Tests */ = {
			isa = PBXNativeTarget;
			buildConfigurationList = D008A9511F3B5D3100D63CD2 /* Build configuration list for PBXNativeTarget "iBreezee2Tests" */;
			buildPhases = (
				12ED47423D276132C7FC5C95 /* [CP] Check Pods Manifest.lock */,
				D008A9361F3B5D3100D63CD2 /* Sources */,
				D008A9371F3B5D3100D63CD2 /* Frameworks */,
				D008A9381F3B5D3100D63CD2 /* Resources */,
				22EEDC0D78C9EB8A12DC3653 /* [CP] Embed Pods Frameworks */,
				18BF441B48140DB83596C722 /* [CP] Copy Pods Resources */,
			);
			buildRules = (
			);
			dependencies = (
				D008A93C1F3B5D3100D63CD2 /* PBXTargetDependency */,
			);
			name = iBreezee2Tests;
			productName = iBreezee2Tests;
			productReference = D008A93A1F3B5D3100D63CD2 /* iBreezee2Tests.xctest */;
			productType = "com.apple.product-type.bundle.unit-test";
		};
		D008A9441F3B5D3100D63CD2 /* iBreezee2UITests */ = {
			isa = PBXNativeTarget;
			buildConfigurationList = D008A9541F3B5D3100D63CD2 /* Build configuration list for PBXNativeTarget "iBreezee2UITests" */;
			buildPhases = (
				7DD9B96BE1B3A6BC0F7F56E6 /* [CP] Check Pods Manifest.lock */,
				D008A9411F3B5D3100D63CD2 /* Sources */,
				D008A9421F3B5D3100D63CD2 /* Frameworks */,
				D008A9431F3B5D3100D63CD2 /* Resources */,
				E8CEBB4D83EDF8866C06F90F /* [CP] Embed Pods Frameworks */,
				AC7132CCDECCB87D4826EF44 /* [CP] Copy Pods Resources */,
			);
			buildRules = (
			);
			dependencies = (
				D008A9471F3B5D3100D63CD2 /* PBXTargetDependency */,
			);
			name = iBreezee2UITests;
			productName = iBreezee2UITests;
			productReference = D008A9451F3B5D3100D63CD2 /* iBreezee2UITests.xctest */;
			productType = "com.apple.product-type.bundle.ui-testing";
		};
/* End PBXNativeTarget section */

/* Begin PBXProject section */
		D008A9191F3B5D3100D63CD2 /* Project object */ = {
			isa = PBXProject;
			attributes = {
				LastUpgradeCheck = 0830;
				ORGANIZATIONNAME = miracle;
				TargetAttributes = {
					D008A9201F3B5D3100D63CD2 = {
						CreatedOnToolsVersion = 8.3.3;
						DevelopmentTeam = F3ENB4667F;
						ProvisioningStyle = Automatic;
					};
					D008A9391F3B5D3100D63CD2 = {
						CreatedOnToolsVersion = 8.3.3;
						DevelopmentTeam = F3ENB4667F;
						ProvisioningStyle = Automatic;
						TestTargetID = D008A9201F3B5D3100D63CD2;
					};
					D008A9441F3B5D3100D63CD2 = {
						CreatedOnToolsVersion = 8.3.3;
						DevelopmentTeam = F3ENB4667F;
						ProvisioningStyle = Automatic;
						TestTargetID = D008A9201F3B5D3100D63CD2;
					};
				};
			};
			buildConfigurationList = D008A91C1F3B5D3100D63CD2 /* Build configuration list for PBXProject "iBreezee2" */;
			compatibilityVersion = "Xcode 3.2";
			developmentRegion = English;
			hasScannedForEncodings = 0;
			knownRegions = (
				en,
				Base,
			);
			mainGroup = D008A9181F3B5D3100D63CD2;
			productRefGroup = D008A9221F3B5D3100D63CD2 /* Products */;
			projectDirPath = "";
			projectRoot = "";
			targets = (
				D008A9201F3B5D3100D63CD2 /* iBreezee2 */,
				D008A9391F3B5D3100D63CD2 /* iBreezee2Tests */,
				D008A9441F3B5D3100D63CD2 /* iBreezee2UITests */,
			);
		};
/* End PBXProject section */

/* Begin PBXResourcesBuildPhase section */
		D008A91F1F3B5D3100D63CD2 /* Resources */ = {
			isa = PBXResourcesBuildPhase;
			buildActionMask = 2147483647;
			files = (
				D008A9341F3B5D3100D63CD2 /* LaunchScreen.storyboard in Resources */,
				D008A9311F3B5D3100D63CD2 /* Assets.xcassets in Resources */,
				D008A92F1F3B5D3100D63CD2 /* Main.storyboard in Resources */,
			);
			runOnlyForDeploymentPostprocessing = 0;
		};
		D008A9381F3B5D3100D63CD2 /* Resources */ = {
			isa = PBXResourcesBuildPhase;
			buildActionMask = 2147483647;
			files = (
			);
			runOnlyForDeploymentPostprocessing = 0;
		};
		D008A9431F3B5D3100D63CD2 /* Resources */ = {
			isa = PBXResourcesBuildPhase;
			buildActionMask = 2147483647;
			files = (
			);
			runOnlyForDeploymentPostprocessing = 0;
		};
/* End PBXResourcesBuildPhase section */

/* Begin PBXShellScriptBuildPhase section */
		12ED47423D276132C7FC5C95 /* [CP] Check Pods Manifest.lock */ = {
			isa = PBXShellScriptBuildPhase;
			buildActionMask = 2147483647;
			files = (
			);
			inputPaths = (
			);
			name = "[CP] Check Pods Manifest.lock";
			outputPaths = (
			);
			runOnlyForDeploymentPostprocessing = 0;
			shellPath = /bin/sh;
			shellScript = "diff \"${PODS_ROOT}/../Podfile.lock\" \"${PODS_ROOT}/Manifest.lock\" > /dev/null\nif [ $? != 0 ] ; then\n    # print error to STDERR\n    echo \"error: The sandbox is not in sync with the Podfile.lock. Run 'pod install' or update your CocoaPods installation.\" >&2\n    exit 1\nfi\n";
			showEnvVarsInLog = 0;
		};
		18BF441B48140DB83596C722 /* [CP] Copy Pods Resources */ = {
			isa = PBXShellScriptBuildPhase;
			buildActionMask = 2147483647;
			files = (
			);
			inputPaths = (
			);
			name = "[CP] Copy Pods Resources";
			outputPaths = (
			);
			runOnlyForDeploymentPostprocessing = 0;
			shellPath = /bin/sh;
			shellScript = "\"${SRCROOT}/Pods/Target Support Files/Pods-iBreezee2Tests/Pods-iBreezee2Tests-resources.sh\"\n";
			showEnvVarsInLog = 0;
		};
		22EEDC0D78C9EB8A12DC3653 /* [CP] Embed Pods Frameworks */ = {
			isa = PBXShellScriptBuildPhase;
			buildActionMask = 2147483647;
			files = (
			);
			inputPaths = (
			);
			name = "[CP] Embed Pods Frameworks";
			outputPaths = (
			);
			runOnlyForDeploymentPostprocessing = 0;
			shellPath = /bin/sh;
			shellScript = "\"${SRCROOT}/Pods/Target Support Files/Pods-iBreezee2Tests/Pods-iBreezee2Tests-frameworks.sh\"\n";
			showEnvVarsInLog = 0;
		};
		4FAEB830793136CC8611BA40 /* [CP] Check Pods Manifest.lock */ = {
			isa = PBXShellScriptBuildPhase;
			buildActionMask = 2147483647;
			files = (
			);
			inputPaths = (
			);
			name = "[CP] Check Pods Manifest.lock";
			outputPaths = (
			);
			runOnlyForDeploymentPostprocessing = 0;
			shellPath = /bin/sh;
			shellScript = "diff \"${PODS_ROOT}/../Podfile.lock\" \"${PODS_ROOT}/Manifest.lock\" > /dev/null\nif [ $? != 0 ] ; then\n    # print error to STDERR\n    echo \"error: The sandbox is not in sync with the Podfile.lock. Run 'pod install' or update your CocoaPods installation.\" >&2\n    exit 1\nfi\n";
			showEnvVarsInLog = 0;
		};
		7DD9B96BE1B3A6BC0F7F56E6 /* [CP] Check Pods Manifest.lock */ = {
			isa = PBXShellScriptBuildPhase;
			buildActionMask = 2147483647;
			files = (
			);
			inputPaths = (
			);
			name = "[CP] Check Pods Manifest.lock";
			outputPaths = (
			);
			runOnlyForDeploymentPostprocessing = 0;
			shellPath = /bin/sh;
			shellScript = "diff \"${PODS_ROOT}/../Podfile.lock\" \"${PODS_ROOT}/Manifest.lock\" > /dev/null\nif [ $? != 0 ] ; then\n    # print error to STDERR\n    echo \"error: The sandbox is not in sync with the Podfile.lock. Run 'pod install' or update your CocoaPods installation.\" >&2\n    exit 1\nfi\n";
			showEnvVarsInLog = 0;
		};
		9A45B610979CCEE4EA1D0A1C /* [CP] Embed Pods Frameworks */ = {
			isa = PBXShellScriptBuildPhase;
			buildActionMask = 2147483647;
			files = (
			);
			inputPaths = (
			);
			name = "[CP] Embed Pods Frameworks";
			outputPaths = (
			);
			runOnlyForDeploymentPostprocessing = 0;
			shellPath = /bin/sh;
			shellScript = "\"${SRCROOT}/Pods/Target Support Files/Pods-iBreezee2/Pods-iBreezee2-frameworks.sh\"\n";
			showEnvVarsInLog = 0;
		};
		AC7132CCDECCB87D4826EF44 /* [CP] Copy Pods Resources */ = {
			isa = PBXShellScriptBuildPhase;
			buildActionMask = 2147483647;
			files = (
			);
			inputPaths = (
			);
			name = "[CP] Copy Pods Resources";
			outputPaths = (
			);
			runOnlyForDeploymentPostprocessing = 0;
			shellPath = /bin/sh;
			shellScript = "\"${SRCROOT}/Pods/Target Support Files/Pods-iBreezee2UITests/Pods-iBreezee2UITests-resources.sh\"\n";
			showEnvVarsInLog = 0;
		};
		E8A40A6C4831F3A90B689D02 /* [CP] Copy Pods Resources */ = {
			isa = PBXShellScriptBuildPhase;
			buildActionMask = 2147483647;
			files = (
			);
			inputPaths = (
			);
			name = "[CP] Copy Pods Resources";
			outputPaths = (
			);
			runOnlyForDeploymentPostprocessing = 0;
			shellPath = /bin/sh;
			shellScript = "\"${SRCROOT}/Pods/Target Support Files/Pods-iBreezee2/Pods-iBreezee2-resources.sh\"\n";
			showEnvVarsInLog = 0;
		};
		E8CEBB4D83EDF8866C06F90F /* [CP] Embed Pods Frameworks */ = {
			isa = PBXShellScriptBuildPhase;
			buildActionMask = 2147483647;
			files = (
			);
			inputPaths = (
			);
			name = "[CP] Embed Pods Frameworks";
			outputPaths = (
			);
			runOnlyForDeploymentPostprocessing = 0;
			shellPath = /bin/sh;
			shellScript = "\"${SRCROOT}/Pods/Target Support Files/Pods-iBreezee2UITests/Pods-iBreezee2UITests-frameworks.sh\"\n";
			showEnvVarsInLog = 0;
		};
/* End PBXShellScriptBuildPhase section */

/* Begin PBXSourcesBuildPhase section */
		D008A91D1F3B5D3100D63CD2 /* Sources */ = {
			isa = PBXSourcesBuildPhase;
			buildActionMask = 2147483647;
			files = (
				D06C6EEA1F501EAC004B3CC0 /* Easing.c in Sources */,
				D06C6EEB1F501EAC004B3CC0 /* YXEasing.m in Sources */,
				D06C6EE11F501EA4004B3CC0 /* GCDGroup.m in Sources */,
				D06C6EE21F501EA4004B3CC0 /* GCDQueue.m in Sources */,
				D008A96E1F3B662400D63CD2 /* UIView+MIRCornerRadius.m in Sources */,
				D06C6ECD1F501D1F004B3CC0 /* TJHButtonCountingDownManager.m in Sources */,
				D06C6ED61F501DDC004B3CC0 /* FXBlurView.m in Sources */,
				D06C6EE41F501EA4004B3CC0 /* GCDTimer.m in Sources */,
				D06C6EBD1F501B6C004B3CC0 /* UIBezierPath+LxThroughPointsBezier.m in Sources */,
				D008A9721F3B68FC00D63CD2 /* MIRSystemAlert.m in Sources */,
				D06C6EC01F501B9B004B3CC0 /* UILabel+DigitalAnimation.m in Sources */,
				D06C6EC71F501C69004B3CC0 /* NSBundle+DAUtils.m in Sources */,
				D06C6EBA1F501B2A004B3CC0 /* NewEditionTestManager.m in Sources */,
				D008A96B1F3B659700D63CD2 /* UIView+MIRXib.m in Sources */,
				D06C6EB91F501B2A004B3CC0 /* AppStoreInfoModel.m in Sources */,
				D068291D1F5694480082F10A /* TestView.m in Sources */,
				D008A9291F3B5D3100D63CD2 /* AppDelegate.m in Sources */,
				D06C6EC61F501C69004B3CC0 /* DAConfig.m in Sources */,
				D06C6ECE1F501D1F004B3CC0 /* TJHCaptcheButton.m in Sources */,
				D06C6ED31F501DCA004B3CC0 /* GCDAsyncSocket.m in Sources */,
				D008A9261F3B5D3100D63CD2 /* main.m in Sources */,
				D06C6EE31F501EA4004B3CC0 /* GCDSemaphore.m in Sources */,
				D04851AD1F566A6300551B16 /* TestViewController.m in Sources */,
			);
			runOnlyForDeploymentPostprocessing = 0;
		};
		D008A9361F3B5D3100D63CD2 /* Sources */ = {
			isa = PBXSourcesBuildPhase;
			buildActionMask = 2147483647;
			files = (
				D008A93F1F3B5D3100D63CD2 /* iBreezee2Tests.m in Sources */,
			);
			runOnlyForDeploymentPostprocessing = 0;
		};
		D008A9411F3B5D3100D63CD2 /* Sources */ = {
			isa = PBXSourcesBuildPhase;
			buildActionMask = 2147483647;
			files = (
				D008A94A1F3B5D3100D63CD2 /* iBreezee2UITests.m in Sources */,
			);
			runOnlyForDeploymentPostprocessing = 0;
		};
/* End PBXSourcesBuildPhase section */

/* Begin PBXTargetDependency section */
		D008A93C1F3B5D3100D63CD2 /* PBXTargetDependency */ = {
			isa = PBXTargetDependency;
			target = D008A9201F3B5D3100D63CD2 /* iBreezee2 */;
			targetProxy = D008A93B1F3B5D3100D63CD2 /* PBXContainerItemProxy */;
		};
		D008A9471F3B5D3100D63CD2 /* PBXTargetDependency */ = {
			isa = PBXTargetDependency;
			target = D008A9201F3B5D3100D63CD2 /* iBreezee2 */;
			targetProxy = D008A9461F3B5D3100D63CD2 /* PBXContainerItemProxy */;
		};
/* End PBXTargetDependency section */

/* Begin PBXVariantGroup section */
		D008A92D1F3B5D3100D63CD2 /* Main.storyboard */ = {
			isa = PBXVariantGroup;
			children = (
				D008A92E1F3B5D3100D63CD2 /* Base */,
			);
			name = Main.storyboard;
			path = ..;
			sourceTree = "<group>";
		};
		D008A9321F3B5D3100D63CD2 /* LaunchScreen.storyboard */ = {
			isa = PBXVariantGroup;
			children = (
				D008A9331F3B5D3100D63CD2 /* Base */,
			);
			name = LaunchScreen.storyboard;
			path = ..;
			sourceTree = "<group>";
		};
/* End PBXVariantGroup section */

/* Begin XCBuildConfiguration section */
		D008A94C1F3B5D3100D63CD2 /* Debug */ = {
			isa = XCBuildConfiguration;
			buildSettings = {
				ALWAYS_SEARCH_USER_PATHS = NO;
				CLANG_ANALYZER_NONNULL = YES;
				CLANG_ANALYZER_NUMBER_OBJECT_CONVERSION = YES_AGGRESSIVE;
				CLANG_CXX_LANGUAGE_STANDARD = "gnu++0x";
				CLANG_CXX_LIBRARY = "libc++";
				CLANG_ENABLE_MODULES = YES;
				CLANG_ENABLE_OBJC_ARC = YES;
				CLANG_WARN_BOOL_CONVERSION = YES;
				CLANG_WARN_CONSTANT_CONVERSION = YES;
				CLANG_WARN_DIRECT_OBJC_ISA_USAGE = YES_ERROR;
				CLANG_WARN_DOCUMENTATION_COMMENTS = YES;
				CLANG_WARN_EMPTY_BODY = YES;
				CLANG_WARN_ENUM_CONVERSION = YES;
				CLANG_WARN_INFINITE_RECURSION = YES;
				CLANG_WARN_INT_CONVERSION = YES;
				CLANG_WARN_OBJC_ROOT_CLASS = YES_ERROR;
				CLANG_WARN_SUSPICIOUS_MOVE = YES;
				CLANG_WARN_UNREACHABLE_CODE = YES;
				CLANG_WARN__DUPLICATE_METHOD_MATCH = YES;
				"CODE_SIGN_IDENTITY[sdk=iphoneos*]" = "iPhone Developer";
				COPY_PHASE_STRIP = NO;
				DEBUG_INFORMATION_FORMAT = dwarf;
				ENABLE_STRICT_OBJC_MSGSEND = YES;
				ENABLE_TESTABILITY = YES;
				GCC_C_LANGUAGE_STANDARD = gnu99;
				GCC_DYNAMIC_NO_PIC = NO;
				GCC_NO_COMMON_BLOCKS = YES;
				GCC_OPTIMIZATION_LEVEL = 0;
				GCC_PREPROCESSOR_DEFINITIONS = (
					"DEBUG=1",
					"$(inherited)",
				);
				GCC_WARN_64_TO_32_BIT_CONVERSION = YES;
				GCC_WARN_ABOUT_RETURN_TYPE = YES_ERROR;
				GCC_WARN_UNDECLARED_SELECTOR = YES;
				GCC_WARN_UNINITIALIZED_AUTOS = YES_AGGRESSIVE;
				GCC_WARN_UNUSED_FUNCTION = YES;
				GCC_WARN_UNUSED_VARIABLE = YES;
				IPHONEOS_DEPLOYMENT_TARGET = 10.3;
				MTL_ENABLE_DEBUG_INFO = YES;
				ONLY_ACTIVE_ARCH = YES;
				SDKROOT = iphoneos;
			};
			name = Debug;
		};
		D008A94D1F3B5D3100D63CD2 /* Release */ = {
			isa = XCBuildConfiguration;
			buildSettings = {
				ALWAYS_SEARCH_USER_PATHS = NO;
				CLANG_ANALYZER_NONNULL = YES;
				CLANG_ANALYZER_NUMBER_OBJECT_CONVERSION = YES_AGGRESSIVE;
				CLANG_CXX_LANGUAGE_STANDARD = "gnu++0x";
				CLANG_CXX_LIBRARY = "libc++";
				CLANG_ENABLE_MODULES = YES;
				CLANG_ENABLE_OBJC_ARC = YES;
				CLANG_WARN_BOOL_CONVERSION = YES;
				CLANG_WARN_CONSTANT_CONVERSION = YES;
				CLANG_WARN_DIRECT_OBJC_ISA_USAGE = YES_ERROR;
				CLANG_WARN_DOCUMENTATION_COMMENTS = YES;
				CLANG_WARN_EMPTY_BODY = YES;
				CLANG_WARN_ENUM_CONVERSION = YES;
				CLANG_WARN_INFINITE_RECURSION = YES;
				CLANG_WARN_INT_CONVERSION = YES;
				CLANG_WARN_OBJC_ROOT_CLASS = YES_ERROR;
				CLANG_WARN_SUSPICIOUS_MOVE = YES;
				CLANG_WARN_UNREACHABLE_CODE = YES;
				CLANG_WARN__DUPLICATE_METHOD_MATCH = YES;
				"CODE_SIGN_IDENTITY[sdk=iphoneos*]" = "iPhone Developer";
				COPY_PHASE_STRIP = NO;
				DEBUG_INFORMATION_FORMAT = "dwarf-with-dsym";
				ENABLE_NS_ASSERTIONS = NO;
				ENABLE_STRICT_OBJC_MSGSEND = YES;
				GCC_C_LANGUAGE_STANDARD = gnu99;
				GCC_NO_COMMON_BLOCKS = YES;
				GCC_WARN_64_TO_32_BIT_CONVERSION = YES;
				GCC_WARN_ABOUT_RETURN_TYPE = YES_ERROR;
				GCC_WARN_UNDECLARED_SELECTOR = YES;
				GCC_WARN_UNINITIALIZED_AUTOS = YES_AGGRESSIVE;
				GCC_WARN_UNUSED_FUNCTION = YES;
				GCC_WARN_UNUSED_VARIABLE = YES;
				IPHONEOS_DEPLOYMENT_TARGET = 10.3;
				MTL_ENABLE_DEBUG_INFO = NO;
				SDKROOT = iphoneos;
				VALIDATE_PRODUCT = YES;
			};
			name = Release;
		};
		D008A94F1F3B5D3100D63CD2 /* Debug */ = {
			isa = XCBuildConfiguration;
			baseConfigurationReference = 8D3782A7D7A7970C6A6C6092 /* Pods-iBreezee2.debug.xcconfig */;
			buildSettings = {
				ASSETCATALOG_COMPILER_APPICON_NAME = AppIcon;
				DEVELOPMENT_TEAM = F3ENB4667F;
				GCC_PRECOMPILE_PREFIX_HEADER = YES;
				GCC_PREFIX_HEADER = "$(SRCROOT)/iBreezee2/Config/PrefixHeader.pch";
				INFOPLIST_FILE = iBreezee2/Info.plist;
				LD_RUNPATH_SEARCH_PATHS = "$(inherited) @executable_path/Frameworks";
				PRODUCT_BUNDLE_IDENTIFIER = com.miracle.iBreezee2;
				PRODUCT_NAME = "$(TARGET_NAME)";
			};
			name = Debug;
		};
		D008A9501F3B5D3100D63CD2 /* Release */ = {
			isa = XCBuildConfiguration;
			baseConfigurationReference = E942C8D17574954F14D3C509 /* Pods-iBreezee2.release.xcconfig */;
			buildSettings = {
				ASSETCATALOG_COMPILER_APPICON_NAME = AppIcon;
				DEVELOPMENT_TEAM = F3ENB4667F;
				GCC_PRECOMPILE_PREFIX_HEADER = YES;
				GCC_PREFIX_HEADER = "$(SRCROOT)/iBreezee2/Config/PrefixHeader.pch";
				INFOPLIST_FILE = iBreezee2/Info.plist;
				LD_RUNPATH_SEARCH_PATHS = "$(inherited) @executable_path/Frameworks";
				PRODUCT_BUNDLE_IDENTIFIER = com.miracle.iBreezee2;
				PRODUCT_NAME = "$(TARGET_NAME)";
			};
			name = Release;
		};
		D008A9521F3B5D3100D63CD2 /* Debug */ = {
			isa = XCBuildConfiguration;
			baseConfigurationReference = E706ABACD6E13AB1FA7CD13A /* Pods-iBreezee2Tests.debug.xcconfig */;
			buildSettings = {
				BUNDLE_LOADER = "$(TEST_HOST)";
				DEVELOPMENT_TEAM = F3ENB4667F;
				INFOPLIST_FILE = iBreezee2Tests/Info.plist;
				LD_RUNPATH_SEARCH_PATHS = "$(inherited) @executable_path/Frameworks @loader_path/Frameworks";
				PRODUCT_BUNDLE_IDENTIFIER = com.miracle.iBreezee2Tests;
				PRODUCT_NAME = "$(TARGET_NAME)";
				TEST_HOST = "$(BUILT_PRODUCTS_DIR)/iBreezee2.app/iBreezee2";
			};
			name = Debug;
		};
		D008A9531F3B5D3100D63CD2 /* Release */ = {
			isa = XCBuildConfiguration;
			baseConfigurationReference = 5B445B5AB93714145CC9491E /* Pods-iBreezee2Tests.release.xcconfig */;
			buildSettings = {
				BUNDLE_LOADER = "$(TEST_HOST)";
				DEVELOPMENT_TEAM = F3ENB4667F;
				INFOPLIST_FILE = iBreezee2Tests/Info.plist;
				LD_RUNPATH_SEARCH_PATHS = "$(inherited) @executable_path/Frameworks @loader_path/Frameworks";
				PRODUCT_BUNDLE_IDENTIFIER = com.miracle.iBreezee2Tests;
				PRODUCT_NAME = "$(TARGET_NAME)";
				TEST_HOST = "$(BUILT_PRODUCTS_DIR)/iBreezee2.app/iBreezee2";
			};
			name = Release;
		};
		D008A9551F3B5D3100D63CD2 /* Debug */ = {
			isa = XCBuildConfiguration;
			baseConfigurationReference = 178EE13BB97E5BEB59FE35D2 /* Pods-iBreezee2UITests.debug.xcconfig */;
			buildSettings = {
				DEVELOPMENT_TEAM = F3ENB4667F;
				INFOPLIST_FILE = iBreezee2UITests/Info.plist;
				LD_RUNPATH_SEARCH_PATHS = "$(inherited) @executable_path/Frameworks @loader_path/Frameworks";
				PRODUCT_BUNDLE_IDENTIFIER = com.miracle.iBreezee2UITests;
				PRODUCT_NAME = "$(TARGET_NAME)";
				TEST_TARGET_NAME = iBreezee2;
			};
			name = Debug;
		};
		D008A9561F3B5D3100D63CD2 /* Release */ = {
			isa = XCBuildConfiguration;
			baseConfigurationReference = DFDF0F160589506FDD5F7967 /* Pods-iBreezee2UITests.release.xcconfig */;
			buildSettings = {
				DEVELOPMENT_TEAM = F3ENB4667F;
				INFOPLIST_FILE = iBreezee2UITests/Info.plist;
				LD_RUNPATH_SEARCH_PATHS = "$(inherited) @executable_path/Frameworks @loader_path/Frameworks";
				PRODUCT_BUNDLE_IDENTIFIER = com.miracle.iBreezee2UITests;
				PRODUCT_NAME = "$(TARGET_NAME)";
				TEST_TARGET_NAME = iBreezee2;
			};
			name = Release;
		};
/* End XCBuildConfiguration section */

/* Begin XCConfigurationList section */
		D008A91C1F3B5D3100D63CD2 /* Build configuration list for PBXProject "iBreezee2" */ = {
			isa = XCConfigurationList;
			buildConfigurations = (
				D008A94C1F3B5D3100D63CD2 /* Debug */,
				D008A94D1F3B5D3100D63CD2 /* Release */,
			);
			defaultConfigurationIsVisible = 0;
			defaultConfigurationName = Release;
		};
		D008A94E1F3B5D3100D63CD2 /* Build configuration list for PBXNativeTarget "iBreezee2" */ = {
			isa = XCConfigurationList;
			buildConfigurations = (
				D008A94F1F3B5D3100D63CD2 /* Debug */,
				D008A9501F3B5D3100D63CD2 /* Release */,
			);
			defaultConfigurationIsVisible = 0;
			defaultConfigurationName = Release;
		};
		D008A9511F3B5D3100D63CD2 /* Build configuration list for PBXNativeTarget "iBreezee2Tests" */ = {
			isa = XCConfigurationList;
			buildConfigurations = (
				D008A9521F3B5D3100D63CD2 /* Debug */,
				D008A9531F3B5D3100D63CD2 /* Release */,
			);
			defaultConfigurationIsVisible = 0;
			defaultConfigurationName = Release;
		};
		D008A9541F3B5D3100D63CD2 /* Build configuration list for PBXNativeTarget "iBreezee2UITests" */ = {
			isa = XCConfigurationList;
			buildConfigurations = (
				D008A9551F3B5D3100D63CD2 /* Debug */,
				D008A9561F3B5D3100D63CD2 /* Release */,
			);
			defaultConfigurationIsVisible = 0;
			defaultConfigurationName = Release;
		};
/* End XCConfigurationList section */
	};
	rootObject = D008A9191F3B5D3100D63CD2 /* Project object */;
}
